[[package]]
name = "adafruit-blinka"
version = "6.10.3"
description = "CircuitPython APIs for non-CircuitPython versions of Python such as CPython on Linux and MicroPython."
category = "main"
optional = false
python-versions = ">=3.6.0"

[package.dependencies]
Adafruit-PlatformDetect = ">=3.13.0"
Adafruit-PureIO = ">=1.1.7"
pyftdi = ">=0.40.0"

[[package]]
name = "adafruit-circuitpython-busdevice"
version = "5.0.6"
description = "CircuitPython bus device classes to manage bus sharing."
category = "main"
optional = false
python-versions = "*"

[package.dependencies]
Adafruit-Blinka = "*"

[[package]]
name = "adafruit-circuitpython-mlx90640"
version = "1.2.3"
description = "Driver for the MLX90640 thermal camera"
category = "main"
optional = false
python-versions = "*"

[package.dependencies]
Adafruit-Blinka = "*"
adafruit-circuitpython-busdevice = "*"
adafruit-circuitpython-register = "*"

[[package]]
name = "adafruit-circuitpython-register"
version = "1.9.5"
description = "CircuitPython data descriptor classes to represent hardware registers on I2C and SPI devices."
category = "main"
optional = false
python-versions = "*"

[[package]]
name = "adafruit-platformdetect"
version = "3.14.2"
description = "Platform detection for use by libraries like Adafruit-Blinka."
category = "main"
optional = false
python-versions = ">=3.6.0"

[[package]]
name = "adafruit-pureio"
version = "1.1.9"
description = "Pure python (i.e. no native extensions) access to Linux IO    including I2C and SPI. Drop in replacement for smbus and spidev modules."
category = "main"
optional = false
python-versions = ">=3.5.0"

[[package]]
name = "hidapi"
version = "0.10.1"
description = "A Cython interface to the hidapi from https://github.com/libusb/hidapi"
category = "main"
optional = false
python-versions = "*"

[package.dependencies]
setuptools = ">=19.0"

[[package]]
name = "pyftdi"
version = "0.53.1"
description = "FTDI device driver (pure Python)"
category = "main"
optional = false
python-versions = ">=3.6"

[package.dependencies]
pyserial = ">=3.0"
pyusb = ">=1.0.0"

[[package]]
name = "pyserial"
version = "3.5"
description = "Python Serial Port Extension"
category = "main"
optional = false
python-versions = "*"

[package.extras]
cp2110 = ["hidapi"]

[[package]]
name = "pyusb"
version = "1.1.1"
description = "Python USB access module"
category = "main"
optional = false
python-versions = "*"

[[package]]
name = "setuptools"
version = "57.0.0"
description = "Easily download, build, install, upgrade, and uninstall Python packages"
category = "main"
optional = false
python-versions = ">=3.6"

[package.extras]
certs = ["certifi (==2016.9.26)"]
docs = ["sphinx", "jaraco.packaging (>=8.2)", "rst.linker (>=1.9)", "pygments-github-lexers (==0.0.5)", "sphinx-inline-tabs", "sphinxcontrib-towncrier"]
ssl = ["wincertstore (==0.2)"]
testing = ["pytest (>=4.6)", "pytest-checkdocs (>=2.4)", "pytest-flake8", "pytest-cov", "pytest-enabler (>=1.0.1)", "mock", "flake8-2020", "virtualenv (>=13.0.0)", "pytest-virtualenv (>=1.2.7)", "wheel", "paver", "pip (>=19.1)", "jaraco.envs", "pytest-xdist", "sphinx", "jaraco.path (>=3.2.0)", "pytest-black (>=0.3.7)", "pytest-mypy"]

[metadata]
lock-version = "1.1"
python-versions = "^3.9"
content-hash = "ac5b5ee1aa70f4b702a5167e0e57b28527b16a3347f3fbc03c68d38ff67c5738"

[metadata.files]
adafruit-blinka = [
    {file = "Adafruit-Blinka-6.10.3.tar.gz", hash = "sha256:f58f3e0a4d850662a2380d8c9f108a81b86493a218bf49043d5407b0caa8648c"},
]
adafruit-circuitpython-busdevice = [
    {file = "adafruit-circuitpython-busdevice-5.0.6.tar.gz", hash = "sha256:9bb2934e90a151da8b7d9646b25c2ce0b3fd4853f8ba73e8faffedfd8315eda7"},
]
adafruit-circuitpython-mlx90640 = [
    {file = "adafruit-circuitpython-mlx90640-1.2.3.tar.gz", hash = "sha256:388ee0d7577556fa1578cfdad79a5d43392f6649566c1117199b56b4031864cb"},
]
adafruit-circuitpython-register = [
    {file = "adafruit-circuitpython-register-1.9.5.tar.gz", hash = "sha256:bd292198fb61d0e65c5a08a5181144c77a6e400864d63a5360ab3d38072fa7c4"},
]
adafruit-platformdetect = [
    {file = "Adafruit-PlatformDetect-3.14.2.tar.gz", hash = "sha256:485a924cd2993044d17fd471483eac933015a717a9996f891bf82a660157d3a0"},
]
adafruit-pureio = [
    {file = "Adafruit_PureIO-1.1.9.tar.gz", hash = "sha256:2caf22fb07c7f771d83267f331a76cde314723f884a9570ea6f768730c87a879"},
]
hidapi = [
    {file = "hidapi-0.10.1-cp35-cp35m-macosx_10_9_x86_64.whl", hash = "sha256:4a081c3775a7ac850743dd345a1a4fb1175af3954c4c7a1f7508ab645f72dcb5"},
    {file = "hidapi-0.10.1-cp35-cp35m-manylinux2014_x86_64.whl", hash = "sha256:9ac04c6dc3d792d92b1d6ff461511853fa166a0e22f4475fe60ad647555d1caf"},
    {file = "hidapi-0.10.1-cp35-cp35m-win32.whl", hash = "sha256:310c53aa81697bf16b5f0c127afda36e5e9ea37794147afe1461422623263ef7"},
    {file = "hidapi-0.10.1-cp35-cp35m-win_amd64.whl", hash = "sha256:59f5205928dbe92513038c50dfb4f939395f8f781e176259a40f37d7a291313f"},
    {file = "hidapi-0.10.1-cp36-cp36m-macosx_10_9_x86_64.whl", hash = "sha256:5cc5f15b1b68bcb04fa290abc87070d57a8c0d2cb3a01bafeba6a7df52cd8641"},
    {file = "hidapi-0.10.1-cp36-cp36m-manylinux2014_x86_64.whl", hash = "sha256:83d8aab01afd397a0fee0017df4397fff96bef639d6176f94b747305324732aa"},
    {file = "hidapi-0.10.1-cp36-cp36m-win32.whl", hash = "sha256:0c92b398f6907654b07f7dbd7e06661abe9ad6119b403eb5fd3c2af4ce66a3b7"},
    {file = "hidapi-0.10.1-cp36-cp36m-win_amd64.whl", hash = "sha256:4bab0e8ab066527e09856a6a345e2e0c10061f2640e9281323da9a04b94bdec1"},
    {file = "hidapi-0.10.1-cp37-cp37m-macosx_10_9_x86_64.whl", hash = "sha256:0f558430c086e9e0028022f4fdfaed5044e6af50cb4f12b79c498da59fc84d51"},
    {file = "hidapi-0.10.1-cp37-cp37m-manylinux2014_x86_64.whl", hash = "sha256:1e25317ac577e837154f90bc9b6da0451242211beea7a34b9bb117eec17c2e26"},
    {file = "hidapi-0.10.1-cp37-cp37m-win32.whl", hash = "sha256:b1becc9f09c85c473e91cf869b592d5d87fb8b89672988de33776b20b4c53ce1"},
    {file = "hidapi-0.10.1-cp37-cp37m-win_amd64.whl", hash = "sha256:b686b2b547890c8ed17ebeabded0050ce377180a56daefa20822b4d66d3a5dea"},
    {file = "hidapi-0.10.1-cp38-cp38-macosx_10_9_x86_64.whl", hash = "sha256:39191d3e34e9a79e3dbb37898ab2ca4b84495e0815801cf84d185936e97bc6ee"},
    {file = "hidapi-0.10.1-cp38-cp38-manylinux2014_x86_64.whl", hash = "sha256:4a1f4c54d71f748ee6c9ee86565ca0eba2ab9c5d88f9adacc1fe7c3b09a3f299"},
    {file = "hidapi-0.10.1-cp38-cp38-win32.whl", hash = "sha256:3b93d3f9bae38a3459491194ba1abf5c292b59dbd8738c3ac66f01b593cf3724"},
    {file = "hidapi-0.10.1-cp38-cp38-win_amd64.whl", hash = "sha256:f49a0de45217366b85597c2edb4be8bd61c9f26f533b854b058dded4352dd89d"},
    {file = "hidapi-0.10.1-cp39-cp39-macosx_10_9_x86_64.whl", hash = "sha256:74e968631537f52579c19c2b93e428b634dc385eb7808071bd9ff759d837fb39"},
    {file = "hidapi-0.10.1-cp39-cp39-manylinux2014_x86_64.whl", hash = "sha256:46de7d852e10a83187da6af88d6e2cd51ba5ab336bf2ce1659bc879141570de3"},
    {file = "hidapi-0.10.1-cp39-cp39-win32.whl", hash = "sha256:095798ae1b3d6892fb0eb7ba1ab06054f6fafe6d09bc3714d80fdbf227c98f87"},
    {file = "hidapi-0.10.1-cp39-cp39-win_amd64.whl", hash = "sha256:df4a23cd03f00d5cdc603252650df82cdd1923ceef6811cb029cc9d11a9a7a61"},
    {file = "hidapi-0.10.1.tar.gz", hash = "sha256:a1170b18050bc57fae3840a51084e8252fd319c0fc6043d68c8501deb0e25846"},
]
pyftdi = [
    {file = "pyftdi-0.53.1-py3-none-any.whl", hash = "sha256:64d3970e82e03fbbbceb075428306a1f3e7e88743a8fc6c9e12fdcbeb8af87f0"},
    {file = "pyftdi-0.53.1.tar.gz", hash = "sha256:c9dc644b90d10631f2a2beedbd717c4735cfdd4db9e4d8a2d9af57d78a09cf5f"},
]
pyserial = [
    {file = "pyserial-3.5-py2.py3-none-any.whl", hash = "sha256:c4451db6ba391ca6ca299fb3ec7bae67a5c55dde170964c7a14ceefec02f2cf0"},
    {file = "pyserial-3.5.tar.gz", hash = "sha256:3c77e014170dfffbd816e6ffc205e9842efb10be9f58ec16d3e8675b4925cddb"},
]
pyusb = [
    {file = "pyusb-1.1.1-py3-none-any.whl", hash = "sha256:f18eb813d3a1439918071234589162c2f209a19adbeffeb1377ce078a4aebc70"},
    {file = "pyusb-1.1.1.tar.gz", hash = "sha256:7d449ad916ce58aff60b89aae0b65ac130f289c24d6a5b7b317742eccffafc38"},
]
setuptools = [
    {file = "setuptools-57.0.0-py3-none-any.whl", hash = "sha256:c8b9f1a457949002e358fea7d3f2a1e1b94ddc0354b2e40afc066bf95d21bf7b"},
    {file = "setuptools-57.0.0.tar.gz", hash = "sha256:401cbf33a7bf817d08014d51560fc003b895c4cdc1a5b521ad2969e928a07535"},
]
